// !$*UTF8*$!
{
	archiveVersion = 1;
	classes = {
	};
	objectVersion = 46;
	objects = {

/* Begin PBXBuildFile section */
		4F3624561843441900025CB1 /* AVFoundation.framework in Frameworks */ = {isa = PBXBuildFile; fileRef = 4F3624551843441900025CB1 /* AVFoundation.framework */; };
		4F3624581843444600025CB1 /* Security.framework in Frameworks */ = {isa = PBXBuildFile; fileRef = 4F3624571843444600025CB1 /* Security.framework */; };
		4F36245A1843446400025CB1 /* libsqlite3.dylib in Frameworks */ = {isa = PBXBuildFile; fileRef = 4F3624591843446400025CB1 /* libsqlite3.dylib */; };
		4F36245C1843447300025CB1 /* CoreMedia.framework in Frameworks */ = {isa = PBXBuildFile; fileRef = 4F36245B1843447300025CB1 /* CoreMedia.framework */; };
		4F8A525918AB6910005C2D7A /* CoreTelephony.framework in Frameworks */ = {isa = PBXBuildFile; fileRef = 4F8A525818AB6910005C2D7A /* CoreTelephony.framework */; };
		4F8A525B18AB6910005C2D7A /* MessageUI.framework in Frameworks */ = {isa = PBXBuildFile; fileRef = 4F8A525A18AB6910005C2D7A /* MessageUI.framework */; };
		4FCBBB421857372F0062E0EC /* DomobOfferWallBundle.bundle in Resources */ = {isa = PBXBuildFile; fileRef = 4FCBBB401857372F0062E0EC /* DomobOfferWallBundle.bundle */; };
		4FCBBB431857372F0062E0EC /* libDomobOfferWallSDK.a in Frameworks */ = {isa = PBXBuildFile; fileRef = 4FCBBB411857372F0062E0EC /* libDomobOfferWallSDK.a */; };
		4FF4AC78184ED5A700C6DCA2 /* OfferManageViewController.m in Sources */ = {isa = PBXBuildFile; fileRef = 4FF4AC76184ED5A700C6DCA2 /* OfferManageViewController.m */; };
		4FF4AC79184ED5A700C6DCA2 /* OfferManageViewController.xib in Resources */ = {isa = PBXBuildFile; fileRef = 4FF4AC77184ED5A700C6DCA2 /* OfferManageViewController.xib */; };
		4FF4AC7D184ED5F600C6DCA2 /* VideoOfferWallViewController.m in Sources */ = {isa = PBXBuildFile; fileRef = 4FF4AC7B184ED5F600C6DCA2 /* VideoOfferWallViewController.m */; };
		4FF4AC7E184ED5F600C6DCA2 /* VideoOfferWallViewController.xib in Resources */ = {isa = PBXBuildFile; fileRef = 4FF4AC7C184ED5F600C6DCA2 /* VideoOfferWallViewController.xib */; };
		599A35901721218F002B803B /* MainMenuViewController.m in Sources */ = {isa = PBXBuildFile; fileRef = 599A358B1721218F002B803B /* MainMenuViewController.m */; };
		599A35911721218F002B803B /* MainMenuViewController.xib in Resources */ = {isa = PBXBuildFile; fileRef = 599A358C1721218F002B803B /* MainMenuViewController.xib */; };
		599A35921721218F002B803B /* OWInterstitialViewController.m in Sources */ = {isa = PBXBuildFile; fileRef = 599A358E1721218F002B803B /* OWInterstitialViewController.m */; };
		599A35931721218F002B803B /* OWInterstitialViewController.xib in Resources */ = {isa = PBXBuildFile; fileRef = 599A358F1721218F002B803B /* OWInterstitialViewController.xib */; };
		599A3597172121A4002B803B /* icon_57.png in Resources */ = {isa = PBXBuildFile; fileRef = 599A3595172121A4002B803B /* icon_57.png */; };
		599A3598172121A4002B803B /* icon_114.png in Resources */ = {isa = PBXBuildFile; fileRef = 599A3596172121A4002B803B /* icon_114.png */; };
		59EAB9C71771509400F03B26 /* AdSupport.framework in Frameworks */ = {isa = PBXBuildFile; fileRef = 59EAB9C61771509400F03B26 /* AdSupport.framework */; settings = {ATTRIBUTES = (Weak, ); }; };
		B237BF63162CFD1F00398C65 /* QuartzCore.framework in Frameworks */ = {isa = PBXBuildFile; fileRef = B2FF3D5016105ED0005476C7 /* QuartzCore.framework */; };
		B237BF97162D14EB00398C65 /* Default.png in Resources */ = {isa = PBXBuildFile; fileRef = B237BF96162D14EB00398C65 /* Default.png */; };
		B237BF9A162D14EE00398C65 /* Default@2x.png in Resources */ = {isa = PBXBuildFile; fileRef = B237BF99162D14EE00398C65 /* Default@2x.png */; };
		B237BF9C162D151A00398C65 /* Default-568h@2x.png in Resources */ = {isa = PBXBuildFile; fileRef = B237BF9B162D151A00398C65 /* Default-568h@2x.png */; };
		B2772C3A16FAB5030036775A /* StoreKit.framework in Frameworks */ = {isa = PBXBuildFile; fileRef = B2772C3916FAB5030036775A /* StoreKit.framework */; settings = {ATTRIBUTES = (Weak, ); }; };
		B2B56A17166CA538009F8F69 /* OnlineWallViewController.m in Sources */ = {isa = PBXBuildFile; fileRef = B2B56A15166CA538009F8F69 /* OnlineWallViewController.m */; };
		B2B56A18166CA538009F8F69 /* OnlineWallViewController.xib in Resources */ = {isa = PBXBuildFile; fileRef = B2B56A16166CA538009F8F69 /* OnlineWallViewController.xib */; };
		B2FF3D1916105BAB005476C7 /* UIKit.framework in Frameworks */ = {isa = PBXBuildFile; fileRef = B2FF3D1816105BAB005476C7 /* UIKit.framework */; };
		B2FF3D1B16105BAB005476C7 /* Foundation.framework in Frameworks */ = {isa = PBXBuildFile; fileRef = B2FF3D1A16105BAB005476C7 /* Foundation.framework */; };
		B2FF3D1D16105BAB005476C7 /* CoreGraphics.framework in Frameworks */ = {isa = PBXBuildFile; fileRef = B2FF3D1C16105BAB005476C7 /* CoreGraphics.framework */; };
		B2FF3D2316105BAB005476C7 /* InfoPlist.strings in Resources */ = {isa = PBXBuildFile; fileRef = B2FF3D2116105BAB005476C7 /* InfoPlist.strings */; };
		B2FF3D2516105BAB005476C7 /* main.m in Sources */ = {isa = PBXBuildFile; fileRef = B2FF3D2416105BAB005476C7 /* main.m */; };
		B2FF3D2916105BAB005476C7 /* DMAppDelegate.m in Sources */ = {isa = PBXBuildFile; fileRef = B2FF3D2816105BAB005476C7 /* DMAppDelegate.m */; };
		B2FF3D4F16105E9B005476C7 /* Toast+UIView.m in Sources */ = {isa = PBXBuildFile; fileRef = B2FF3D4816105E9B005476C7 /* Toast+UIView.m */; };
		B2FF3D5316105EDA005476C7 /* SystemConfiguration.framework in Frameworks */ = {isa = PBXBuildFile; fileRef = B2FF3D5216105EDA005476C7 /* SystemConfiguration.framework */; };
		B2FF3D5516105F0F005476C7 /* CoreLocation.framework in Frameworks */ = {isa = PBXBuildFile; fileRef = B2FF3D5416105F0F005476C7 /* CoreLocation.framework */; };
/* End PBXBuildFile section */

/* Begin PBXFileReference section */
		4F3624551843441900025CB1 /* AVFoundation.framework */ = {isa = PBXFileReference; lastKnownFileType = wrapper.framework; name = AVFoundation.framework; path = System/Library/Frameworks/AVFoundation.framework; sourceTree = SDKROOT; };
		4F3624571843444600025CB1 /* Security.framework */ = {isa = PBXFileReference; lastKnownFileType = wrapper.framework; name = Security.framework; path = System/Library/Frameworks/Security.framework; sourceTree = SDKROOT; };
		4F3624591843446400025CB1 /* libsqlite3.dylib */ = {isa = PBXFileReference; lastKnownFileType = "compiled.mach-o.dylib"; name = libsqlite3.dylib; path = usr/lib/libsqlite3.dylib; sourceTree = SDKROOT; };
		4F36245B1843447300025CB1 /* CoreMedia.framework */ = {isa = PBXFileReference; lastKnownFileType = wrapper.framework; name = CoreMedia.framework; path = System/Library/Frameworks/CoreMedia.framework; sourceTree = SDKROOT; };
		4F8A525818AB6910005C2D7A /* CoreTelephony.framework */ = {isa = PBXFileReference; lastKnownFileType = wrapper.framework; name = CoreTelephony.framework; path = System/Library/Frameworks/CoreTelephony.framework; sourceTree = SDKROOT; };
		4F8A525A18AB6910005C2D7A /* MessageUI.framework */ = {isa = PBXFileReference; lastKnownFileType = wrapper.framework; name = MessageUI.framework; path = System/Library/Frameworks/MessageUI.framework; sourceTree = SDKROOT; };
		4FCBBB3B1857372F0062E0EC /* DMOfferWallManager.h */ = {isa = PBXFileReference; fileEncoding = 4; lastKnownFileType = sourcecode.c.h; path = DMOfferWallManager.h; sourceTree = "<group>"; };
		4FCBBB3C1857372F0062E0EC /* DMOfferWallManagerDelegate.h */ = {isa = PBXFileReference; fileEncoding = 4; lastKnownFileType = sourcecode.c.h; path = DMOfferWallManagerDelegate.h; sourceTree = "<group>"; };
		4FCBBB3D1857372F0062E0EC /* DMOfferWallViewController.h */ = {isa = PBXFileReference; fileEncoding = 4; lastKnownFileType = sourcecode.c.h; path = DMOfferWallViewController.h; sourceTree = "<group>"; };
		4FCBBB3E1857372F0062E0EC /* DMVideoViewController.h */ = {isa = PBXFileReference; fileEncoding = 4; lastKnownFileType = sourcecode.c.h; path = DMVideoViewController.h; sourceTree = "<group>"; };
		4FCBBB401857372F0062E0EC /* DomobOfferWallBundle.bundle */ = {isa = PBXFileReference; lastKnownFileType = "wrapper.plug-in"; path = DomobOfferWallBundle.bundle; sourceTree = "<group>"; };
		4FCBBB411857372F0062E0EC /* libDomobOfferWallSDK.a */ = {isa = PBXFileReference; lastKnownFileType = archive.ar; path = libDomobOfferWallSDK.a; sourceTree = "<group>"; };
		4FF4AC75184ED5A700C6DCA2 /* OfferManageViewController.h */ = {isa = PBXFileReference; fileEncoding = 4; lastKnownFileType = sourcecode.c.h; path = OfferManageViewController.h; sourceTree = "<group>"; };
		4FF4AC76184ED5A700C6DCA2 /* OfferManageViewController.m */ = {isa = PBXFileReference; fileEncoding = 4; lastKnownFileType = sourcecode.c.objc; path = OfferManageViewController.m; sourceTree = "<group>"; };
		4FF4AC77184ED5A700C6DCA2 /* OfferManageViewController.xib */ = {isa = PBXFileReference; fileEncoding = 4; lastKnownFileType = file.xib; path = OfferManageViewController.xib; sourceTree = "<group>"; };
		4FF4AC7A184ED5F600C6DCA2 /* VideoOfferWallViewController.h */ = {isa = PBXFileReference; fileEncoding = 4; lastKnownFileType = sourcecode.c.h; path = VideoOfferWallViewController.h; sourceTree = "<group>"; };
		4FF4AC7B184ED5F600C6DCA2 /* VideoOfferWallViewController.m */ = {isa = PBXFileReference; fileEncoding = 4; lastKnownFileType = sourcecode.c.objc; path = VideoOfferWallViewController.m; sourceTree = "<group>"; };
		4FF4AC7C184ED5F600C6DCA2 /* VideoOfferWallViewController.xib */ = {isa = PBXFileReference; fileEncoding = 4; lastKnownFileType = file.xib; path = VideoOfferWallViewController.xib; sourceTree = "<group>"; };
		599A35891721218F002B803B /* DMDemoConstants.h */ = {isa = PBXFileReference; fileEncoding = 4; lastKnownFileType = sourcecode.c.h; path = DMDemoConstants.h; sourceTree = "<group>"; };
		599A358A1721218F002B803B /* MainMenuViewController.h */ = {isa = PBXFileReference; fileEncoding = 4; lastKnownFileType = sourcecode.c.h; path = MainMenuViewController.h; sourceTree = "<group>"; };
		599A358B1721218F002B803B /* MainMenuViewController.m */ = {isa = PBXFileReference; fileEncoding = 4; lastKnownFileType = sourcecode.c.objc; path = MainMenuViewController.m; sourceTree = "<group>"; };
		599A358C1721218F002B803B /* MainMenuViewController.xib */ = {isa = PBXFileReference; fileEncoding = 4; lastKnownFileType = file.xib; path = MainMenuViewController.xib; sourceTree = "<group>"; };
		599A358D1721218F002B803B /* OWInterstitialViewController.h */ = {isa = PBXFileReference; fileEncoding = 4; lastKnownFileType = sourcecode.c.h; path = OWInterstitialViewController.h; sourceTree = "<group>"; };
		599A358E1721218F002B803B /* OWInterstitialViewController.m */ = {isa = PBXFileReference; fileEncoding = 4; lastKnownFileType = sourcecode.c.objc; path = OWInterstitialViewController.m; sourceTree = "<group>"; };
		599A358F1721218F002B803B /* OWInterstitialViewController.xib */ = {isa = PBXFileReference; fileEncoding = 4; lastKnownFileType = file.xib; path = OWInterstitialViewController.xib; sourceTree = "<group>"; };
		599A3595172121A4002B803B /* icon_57.png */ = {isa = PBXFileReference; lastKnownFileType = image.png; path = icon_57.png; sourceTree = "<group>"; };
		599A3596172121A4002B803B /* icon_114.png */ = {isa = PBXFileReference; lastKnownFileType = image.png; path = icon_114.png; sourceTree = "<group>"; };
		59EAB9C61771509400F03B26 /* AdSupport.framework */ = {isa = PBXFileReference; lastKnownFileType = wrapper.framework; name = AdSupport.framework; path = System/Library/Frameworks/AdSupport.framework; sourceTree = SDKROOT; };
		B237BF96162D14EB00398C65 /* Default.png */ = {isa = PBXFileReference; lastKnownFileType = image.png; path = Default.png; sourceTree = "<group>"; };
		B237BF99162D14EE00398C65 /* Default@2x.png */ = {isa = PBXFileReference; lastKnownFileType = image.png; path = "Default@2x.png"; sourceTree = "<group>"; };
		B237BF9B162D151A00398C65 /* Default-568h@2x.png */ = {isa = PBXFileReference; lastKnownFileType = image.png; path = "Default-568h@2x.png"; sourceTree = "<group>"; };
		B2772C3916FAB5030036775A /* StoreKit.framework */ = {isa = PBXFileReference; lastKnownFileType = wrapper.framework; name = StoreKit.framework; path = System/Library/Frameworks/StoreKit.framework; sourceTree = SDKROOT; };
		B2B56A14166CA538009F8F69 /* OnlineWallViewController.h */ = {isa = PBXFileReference; fileEncoding = 4; lastKnownFileType = sourcecode.c.h; path = OnlineWallViewController.h; sourceTree = "<group>"; };
		B2B56A15166CA538009F8F69 /* OnlineWallViewController.m */ = {isa = PBXFileReference; fileEncoding = 4; lastKnownFileType = sourcecode.c.objc; path = OnlineWallViewController.m; sourceTree = "<group>"; };
		B2B56A16166CA538009F8F69 /* OnlineWallViewController.xib */ = {isa = PBXFileReference; fileEncoding = 4; lastKnownFileType = file.xib; path = OnlineWallViewController.xib; sourceTree = "<group>"; };
		B2FF3D1416105BAB005476C7 /* DMOfferWallSample.app */ = {isa = PBXFileReference; explicitFileType = wrapper.application; includeInIndex = 0; path = DMOfferWallSample.app; sourceTree = BUILT_PRODUCTS_DIR; };
		B2FF3D1816105BAB005476C7 /* UIKit.framework */ = {isa = PBXFileReference; lastKnownFileType = wrapper.framework; name = UIKit.framework; path = System/Library/Frameworks/UIKit.framework; sourceTree = SDKROOT; };
		B2FF3D1A16105BAB005476C7 /* Foundation.framework */ = {isa = PBXFileReference; lastKnownFileType = wrapper.framework; name = Foundation.framework; path = System/Library/Frameworks/Foundation.framework; sourceTree = SDKROOT; };
		B2FF3D1C16105BAB005476C7 /* CoreGraphics.framework */ = {isa = PBXFileReference; lastKnownFileType = wrapper.framework; name = CoreGraphics.framework; path = System/Library/Frameworks/CoreGraphics.framework; sourceTree = SDKROOT; };
		B2FF3D2016105BAB005476C7 /* DMOfferWallSample-Info.plist */ = {isa = PBXFileReference; lastKnownFileType = text.plist.xml; path = "DMOfferWallSample-Info.plist"; sourceTree = "<group>"; };
		B2FF3D2216105BAB005476C7 /* en */ = {isa = PBXFileReference; lastKnownFileType = text.plist.strings; name = en; path = en.lproj/InfoPlist.strings; sourceTree = "<group>"; };
		B2FF3D2416105BAB005476C7 /* main.m */ = {isa = PBXFileReference; lastKnownFileType = sourcecode.c.objc; path = main.m; sourceTree = "<group>"; };
		B2FF3D2616105BAB005476C7 /* DMOfferWallSample-Prefix.pch */ = {isa = PBXFileReference; lastKnownFileType = sourcecode.c.h; path = "DMOfferWallSample-Prefix.pch"; sourceTree = "<group>"; };
		B2FF3D2716105BAB005476C7 /* DMAppDelegate.h */ = {isa = PBXFileReference; lastKnownFileType = sourcecode.c.h; path = DMAppDelegate.h; sourceTree = "<group>"; };
		B2FF3D2816105BAB005476C7 /* DMAppDelegate.m */ = {isa = PBXFileReference; lastKnownFileType = sourcecode.c.objc; path = DMAppDelegate.m; sourceTree = "<group>"; };
		B2FF3D4716105E9B005476C7 /* Toast+UIView.h */ = {isa = PBXFileReference; fileEncoding = 4; lastKnownFileType = sourcecode.c.h; path = "Toast+UIView.h"; sourceTree = "<group>"; };
		B2FF3D4816105E9B005476C7 /* Toast+UIView.m */ = {isa = PBXFileReference; fileEncoding = 4; lastKnownFileType = sourcecode.c.objc; path = "Toast+UIView.m"; sourceTree = "<group>"; };
		B2FF3D5016105ED0005476C7 /* QuartzCore.framework */ = {isa = PBXFileReference; lastKnownFileType = wrapper.framework; name = QuartzCore.framework; path = System/Library/Frameworks/QuartzCore.framework; sourceTree = SDKROOT; };
		B2FF3D5216105EDA005476C7 /* SystemConfiguration.framework */ = {isa = PBXFileReference; lastKnownFileType = wrapper.framework; name = SystemConfiguration.framework; path = System/Library/Frameworks/SystemConfiguration.framework; sourceTree = SDKROOT; };
		B2FF3D5416105F0F005476C7 /* CoreLocation.framework */ = {isa = PBXFileReference; lastKnownFileType = wrapper.framework; name = CoreLocation.framework; path = System/Library/Frameworks/CoreLocation.framework; sourceTree = SDKROOT; };
/* End PBXFileReference section */

/* Begin PBXFrameworksBuildPhase section */
		B2FF3D1116105BAB005476C7 /* Frameworks */ = {
			isa = PBXFrameworksBuildPhase;
			buildActionMask = 2147483647;
			files = (
				4F8A525B18AB6910005C2D7A /* MessageUI.framework in Frameworks */,
				4F8A525918AB6910005C2D7A /* CoreTelephony.framework in Frameworks */,
				4F36245C1843447300025CB1 /* CoreMedia.framework in Frameworks */,
				4F36245A1843446400025CB1 /* libsqlite3.dylib in Frameworks */,
				4F3624581843444600025CB1 /* Security.framework in Frameworks */,
				4F3624561843441900025CB1 /* AVFoundation.framework in Frameworks */,
				59EAB9C71771509400F03B26 /* AdSupport.framework in Frameworks */,
				B2772C3A16FAB5030036775A /* StoreKit.framework in Frameworks */,
				B237BF63162CFD1F00398C65 /* QuartzCore.framework in Frameworks */,
				B2FF3D5516105F0F005476C7 /* CoreLocation.framework in Frameworks */,
				B2FF3D5316105EDA005476C7 /* SystemConfiguration.framework in Frameworks */,
				B2FF3D1916105BAB005476C7 /* UIKit.framework in Frameworks */,
				B2FF3D1B16105BAB005476C7 /* Foundation.framework in Frameworks */,
				4FCBBB431857372F0062E0EC /* libDomobOfferWallSDK.a in Frameworks */,
				B2FF3D1D16105BAB005476C7 /* CoreGraphics.framework in Frameworks */,
			);
			runOnlyForDeploymentPostprocessing = 0;
		};
/* End PBXFrameworksBuildPhase section */

/* Begin PBXGroup section */
		4FCBBB3A1857372F0062E0EC /* DMOfferWallSDK */ = {
			isa = PBXGroup;
			children = (
				4FCBBB3B1857372F0062E0EC /* DMOfferWallManager.h */,
				4FCBBB3C1857372F0062E0EC /* DMOfferWallManagerDelegate.h */,
				4FCBBB3D1857372F0062E0EC /* DMOfferWallViewController.h */,
				4FCBBB3E1857372F0062E0EC /* DMVideoViewController.h */,
				4FCBBB3F1857372F0062E0EC /* DomobOfferWallBundle */,
				4FCBBB411857372F0062E0EC /* libDomobOfferWallSDK.a */,
			);
			path = DMOfferWallSDK;
			sourceTree = "<group>";
		};
		4FCBBB3F1857372F0062E0EC /* DomobOfferWallBundle */ = {
			isa = PBXGroup;
			children = (
				4FCBBB401857372F0062E0EC /* DomobOfferWallBundle.bundle */,
			);
			path = DomobOfferWallBundle;
			sourceTree = "<group>";
		};
		B2FF3D0916105BAB005476C7 = {
			isa = PBXGroup;
			children = (
				4FCBBB3A1857372F0062E0EC /* DMOfferWallSDK */,
				59EAB9C61771509400F03B26 /* AdSupport.framework */,
				599A3595172121A4002B803B /* icon_57.png */,
				599A3596172121A4002B803B /* icon_114.png */,
				B237BF9B162D151A00398C65 /* Default-568h@2x.png */,
				B237BF99162D14EE00398C65 /* Default@2x.png */,
				B237BF96162D14EB00398C65 /* Default.png */,
				B2FF3D1E16105BAB005476C7 /* DMOfferWallSample */,
				B2FF3D1716105BAB005476C7 /* Frameworks */,
				B2FF3D1516105BAB005476C7 /* Products */,
			);
			sourceTree = "<group>";
		};
		B2FF3D1516105BAB005476C7 /* Products */ = {
			isa = PBXGroup;
			children = (
				B2FF3D1416105BAB005476C7 /* DMOfferWallSample.app */,
			);
			name = Products;
			sourceTree = "<group>";
		};
		B2FF3D1716105BAB005476C7 /* Frameworks */ = {
			isa = PBXGroup;
			children = (
				4F8A525A18AB6910005C2D7A /* MessageUI.framework */,
				4F8A525818AB6910005C2D7A /* CoreTelephony.framework */,
				4F36245B1843447300025CB1 /* CoreMedia.framework */,
				4F3624591843446400025CB1 /* libsqlite3.dylib */,
				4F3624571843444600025CB1 /* Security.framework */,
				4F3624551843441900025CB1 /* AVFoundation.framework */,
				B2772C3916FAB5030036775A /* StoreKit.framework */,
				B2FF3D5416105F0F005476C7 /* CoreLocation.framework */,
				B2FF3D5216105EDA005476C7 /* SystemConfiguration.framework */,
				B2FF3D5016105ED0005476C7 /* QuartzCore.framework */,
				B2FF3D1816105BAB005476C7 /* UIKit.framework */,
				B2FF3D1A16105BAB005476C7 /* Foundation.framework */,
				B2FF3D1C16105BAB005476C7 /* CoreGraphics.framework */,
			);
			name = Frameworks;
			sourceTree = "<group>";
		};
		B2FF3D1E16105BAB005476C7 /* DMOfferWallSample */ = {
			isa = PBXGroup;
			children = (
				4FF4AC7A184ED5F600C6DCA2 /* VideoOfferWallViewController.h */,
				4FF4AC7B184ED5F600C6DCA2 /* VideoOfferWallViewController.m */,
				4FF4AC7C184ED5F600C6DCA2 /* VideoOfferWallViewController.xib */,
				4FF4AC75184ED5A700C6DCA2 /* OfferManageViewController.h */,
				4FF4AC76184ED5A700C6DCA2 /* OfferManageViewController.m */,
				4FF4AC77184ED5A700C6DCA2 /* OfferManageViewController.xib */,
				599A35891721218F002B803B /* DMDemoConstants.h */,
				599A358A1721218F002B803B /* MainMenuViewController.h */,
				599A358B1721218F002B803B /* MainMenuViewController.m */,
				599A358C1721218F002B803B /* MainMenuViewController.xib */,
				599A358D1721218F002B803B /* OWInterstitialViewController.h */,
				599A358E1721218F002B803B /* OWInterstitialViewController.m */,
				599A358F1721218F002B803B /* OWInterstitialViewController.xib */,
				B2FF3D2716105BAB005476C7 /* DMAppDelegate.h */,
				B2FF3D2816105BAB005476C7 /* DMAppDelegate.m */,
				B2B56A14166CA538009F8F69 /* OnlineWallViewController.h */,
				B2B56A15166CA538009F8F69 /* OnlineWallViewController.m */,
				B2B56A16166CA538009F8F69 /* OnlineWallViewController.xib */,
				B2FF3D4716105E9B005476C7 /* Toast+UIView.h */,
				B2FF3D4816105E9B005476C7 /* Toast+UIView.m */,
				B2FF3D1F16105BAB005476C7 /* Supporting Files */,
			);
			path = DMOfferWallSample;
			sourceTree = "<group>";
		};
		B2FF3D1F16105BAB005476C7 /* Supporting Files */ = {
			isa = PBXGroup;
			children = (
				B2FF3D2016105BAB005476C7 /* DMOfferWallSample-Info.plist */,
				B2FF3D2116105BAB005476C7 /* InfoPlist.strings */,
				B2FF3D2416105BAB005476C7 /* main.m */,
				B2FF3D2616105BAB005476C7 /* DMOfferWallSample-Prefix.pch */,
			);
			name = "Supporting Files";
			sourceTree = "<group>";
		};
/* End PBXGroup section */

/* Begin PBXNativeTarget section */
		B2FF3D1316105BAB005476C7 /* DMOfferWallSample */ = {
			isa = PBXNativeTarget;
			buildConfigurationList = B2FF3D3516105BAB005476C7 /* Build configuration list for PBXNativeTarget "DMOfferWallSample" */;
			buildPhases = (
				B2FF3D1016105BAB005476C7 /* Sources */,
				B2FF3D1116105BAB005476C7 /* Frameworks */,
				B2FF3D1216105BAB005476C7 /* Resources */,
			);
			buildRules = (
			);
			dependencies = (
			);
			name = DMOfferWallSample;
			productName = DMOfferWallSample;
			productReference = B2FF3D1416105BAB005476C7 /* DMOfferWallSample.app */;
			productType = "com.apple.product-type.application";
		};
/* End PBXNativeTarget section */

/* Begin PBXProject section */
		B2FF3D0B16105BAB005476C7 /* Project object */ = {
			isa = PBXProject;
			attributes = {
				CLASSPREFIX = DM;
				LastUpgradeCheck = 0440;
				ORGANIZATIONNAME = domob;
			};
			buildConfigurationList = B2FF3D0E16105BAB005476C7 /* Build configuration list for PBXProject "DMOfferWallSample" */;
			compatibilityVersion = "Xcode 3.2";
			developmentRegion = English;
			hasScannedForEncodings = 0;
			knownRegions = (
				en,
			);
			mainGroup = B2FF3D0916105BAB005476C7;
			productRefGroup = B2FF3D1516105BAB005476C7 /* Products */;
			projectDirPath = "";
			projectRoot = "";
			targets = (
				B2FF3D1316105BAB005476C7 /* DMOfferWallSample */,
			);
		};
/* End PBXProject section */

/* Begin PBXResourcesBuildPhase section */
		B2FF3D1216105BAB005476C7 /* Resources */ = {
			isa = PBXResourcesBuildPhase;
			buildActionMask = 2147483647;
			files = (
				4FCBBB421857372F0062E0EC /* DomobOfferWallBundle.bundle in Resources */,
				B2FF3D2316105BAB005476C7 /* InfoPlist.strings in Resources */,
				B237BF97162D14EB00398C65 /* Default.png in Resources */,
				B237BF9A162D14EE00398C65 /* Default@2x.png in Resources */,
				B237BF9C162D151A00398C65 /* Default-568h@2x.png in Resources */,
				B2B56A18166CA538009F8F69 /* OnlineWallViewController.xib in Resources */,
				599A35911721218F002B803B /* MainMenuViewController.xib in Resources */,
				599A35931721218F002B803B /* OWInterstitialViewController.xib in Resources */,
				599A3597172121A4002B803B /* icon_57.png in Resources */,
				4FF4AC79184ED5A700C6DCA2 /* OfferManageViewController.xib in Resources */,
				4FF4AC7E184ED5F600C6DCA2 /* VideoOfferWallViewController.xib in Resources */,
				599A3598172121A4002B803B /* icon_114.png in Resources */,
			);
			runOnlyForDeploymentPostprocessing = 0;
		};
/* End PBXResourcesBuildPhase section */

/* Begin PBXSourcesBuildPhase section */
		B2FF3D1016105BAB005476C7 /* Sources */ = {
			isa = PBXSourcesBuildPhase;
			buildActionMask = 2147483647;
			files = (
				B2FF3D2516105BAB005476C7 /* main.m in Sources */,
				4FF4AC7D184ED5F600C6DCA2 /* VideoOfferWallViewController.m in Sources */,
				4FF4AC78184ED5A700C6DCA2 /* OfferManageViewController.m in Sources */,
				B2FF3D2916105BAB005476C7 /* DMAppDelegate.m in Sources */,
				B2FF3D4F16105E9B005476C7 /* Toast+UIView.m in Sources */,
				B2B56A17166CA538009F8F69 /* OnlineWallViewController.m in Sources */,
				599A35901721218F002B803B /* MainMenuViewController.m in Sources */,
				599A35921721218F002B803B /* OWInterstitialViewController.m in Sources */,
			);
			runOnlyForDeploymentPostprocessing = 0;
		};
/* End PBXSourcesBuildPhase section */

/* Begin PBXVariantGroup section */
		B2FF3D2116105BAB005476C7 /* InfoPlist.strings */ = {
			isa = PBXVariantGroup;
			children = (
				B2FF3D2216105BAB005476C7 /* en */,
			);
			name = InfoPlist.strings;
			sourceTree = "<group>";
		};
/* End PBXVariantGroup section */

/* Begin XCBuildConfiguration section */
		B2FF3D3316105BAB005476C7 /* Debug */ = {
			isa = XCBuildConfiguration;
			buildSettings = {
				ALWAYS_SEARCH_USER_PATHS = NO;
				ARCHS = "$(ARCHS_STANDARD_32_BIT)";
				CLANG_CXX_LANGUAGE_STANDARD = "gnu++0x";
				CLANG_WARN__DUPLICATE_METHOD_MATCH = YES;
				"CODE_SIGN_IDENTITY[sdk=iphoneos*]" = "iPhone Developer";
				COPY_PHASE_STRIP = NO;
				GCC_C_LANGUAGE_STANDARD = gnu99;
				GCC_DYNAMIC_NO_PIC = NO;
				GCC_OPTIMIZATION_LEVEL = 0;
				GCC_PREPROCESSOR_DEFINITIONS = (
					"DEBUG=1",
					"$(inherited)",
				);
				GCC_SYMBOLS_PRIVATE_EXTERN = NO;
				GCC_VERSION = com.apple.compilers.llvm.clang.1_0;
				GCC_WARN_ABOUT_RETURN_TYPE = YES;
				GCC_WARN_UNINITIALIZED_AUTOS = YES;
				GCC_WARN_UNUSED_VARIABLE = YES;
				IPHONEOS_DEPLOYMENT_TARGET = 3.0;
				SDKROOT = iphoneos;
				TARGETED_DEVICE_FAMILY = "1,2";
			};
			name = Debug;
		};
		B2FF3D3416105BAB005476C7 /* Release */ = {
			isa = XCBuildConfiguration;
			buildSettings = {
				ALWAYS_SEARCH_USER_PATHS = NO;
				ARCHS = "$(ARCHS_STANDARD_32_BIT)";
				CLANG_CXX_LANGUAGE_STANDARD = "gnu++0x";
				CLANG_WARN__DUPLICATE_METHOD_MATCH = YES;
				"CODE_SIGN_IDENTITY[sdk=iphoneos*]" = "iPhone Developer";
				COPY_PHASE_STRIP = YES;
				GCC_C_LANGUAGE_STANDARD = gnu99;
				GCC_VERSION = com.apple.compilers.llvm.clang.1_0;
				GCC_WARN_ABOUT_RETURN_TYPE = YES;
				GCC_WARN_UNINITIALIZED_AUTOS = YES;
				GCC_WARN_UNUSED_VARIABLE = YES;
				IPHONEOS_DEPLOYMENT_TARGET = 3.0;
				OTHER_CFLAGS = "-DNS_BLOCK_ASSERTIONS=1";
				SDKROOT = iphoneos;
				TARGETED_DEVICE_FAMILY = "1,2";
				VALIDATE_PRODUCT = YES;
			};
			name = Release;
		};
		B2FF3D3616105BAB005476C7 /* Debug */ = {
			isa = XCBuildConfiguration;
			buildSettings = {
				GCC_PRECOMPILE_PREFIX_HEADER = YES;
				GCC_PREFIX_HEADER = "DMOfferWallSample/DMOfferWallSample-Prefix.pch";
				INFOPLIST_FILE = "DMOfferWallSample/DMOfferWallSample-Info.plist";
				IPHONEOS_DEPLOYMENT_TARGET = 4.3;
				LIBRARY_SEARCH_PATHS = (
					"$(inherited)",
					"\"$(SRCROOT)/DMOfferWallSample\"",
					"\"$(SRCROOT)/DMOfferWallSDK\"",
				);
				PRODUCT_NAME = "$(TARGET_NAME)";
				WRAPPER_EXTENSION = app;
			};
			name = Debug;
		};
		B2FF3D3716105BAB005476C7 /* Release */ = {
			isa = XCBuildConfiguration;
			buildSettings = {
				GCC_PRECOMPILE_PREFIX_HEADER = YES;
				GCC_PREFIX_HEADER = "DMOfferWallSample/DMOfferWallSample-Prefix.pch";
				INFOPLIST_FILE = "DMOfferWallSample/DMOfferWallSample-Info.plist";
				IPHONEOS_DEPLOYMENT_TARGET = 4.3;
				LIBRARY_SEARCH_PATHS = (
					"$(inherited)",
					"\"$(SRCROOT)/DMOfferWallSample\"",
					"\"$(SRCROOT)/DMOfferWallSDK\"",
				);
				PRODUCT_NAME = "$(TARGET_NAME)";
				WRAPPER_EXTENSION = app;
			};
			name = Release;
		};
/* End XCBuildConfiguration section */

/* Begin XCConfigurationList section */
		B2FF3D0E16105BAB005476C7 /* Build configuration list for PBXProject "DMOfferWallSample" */ = {
			isa = XCConfigurationList;
			buildConfigurations = (
				B2FF3D3316105BAB005476C7 /* Debug */,
				B2FF3D3416105BAB005476C7 /* Release */,
			);
			defaultConfigurationIsVisible = 0;
			defaultConfigurationName = Release;
		};
		B2FF3D3516105BAB005476C7 /* Build configuration list for PBXNativeTarget "DMOfferWallSample" */ = {
			isa = XCConfigurationList;
			buildConfigurations = (
				B2FF3D3616105BAB005476C7 /* Debug */,
				B2FF3D3716105BAB005476C7 /* Release */,
			);
			defaultConfigurationIsVisible = 0;
			defaultConfigurationName = Release;
		};
/* End XCConfigurationList section */
	};
	rootObject = B2FF3D0B16105BAB005476C7 /* Project object */;
}
